<?xml version="1.0" encoding="UTF-8" standalone="yes" ?>
<CodeBlocks_project_file>
	<FileVersion major="1" minor="6" />
	<Project>
		<Option title="iLib" />
		<Option pch_mode="2" />
		<Option compiler="null" />
		<Build>
			<Target title="Debug">
				<Option output="bin/Debug/libiLib" prefix_auto="1" extension_auto="1" />
				<Option object_output="obj/Debug/" />
				<Option type="3" />
				<Option compiler="null" />
				<Option createDefFile="1" />
				<Option createStaticLib="1" />
			</Target>
			<Target title="Release">
				<Option output="bin/Release/libiLib" prefix_auto="1" extension_auto="1" />
				<Option object_output="obj/Release/" />
				<Option type="3" />
				<Option compiler="null" />
				<Option createDefFile="1" />
				<Option createStaticLib="1" />
			</Target>
		</Build>
		<Unit filename=".gitattributes" />
		<Unit filename=".gitignore" />
		<Unit filename="README.md" />
		<Unit filename="WS2812B.h" />
		<Unit filename="atmel_eFunction.h" />
		<Unit filename="atmel_hdlc.h" />
		<Unit filename="atmel_math_power_and_scale.h" />
		<Unit filename="atmel_spektrumSerial.h" />
		<Unit filename="atmel_vcc.h" />
		<Unit filename="doxygen/doxyfile" />
		<Unit filename="examples/WS2812B_Clock_90Led/WS2812B_Clock_90Led.ino" />
		<Unit filename="examples/atmel_math_power_and_scale/atmel_math_power_and_scale.ino" />
		<Unit filename="examples/firstrun_ledBlink/firstrun_ledBlink.ino" />
		<Unit filename="examples/i2c_BMP280/i2c_BMP280.ino" />
		<Unit filename="examples/i2c_L3G/i2c_L3G.ino" />
		<Unit filename="examples/i2c_LPS331/i2c_LPS331.ino" />
		<Unit filename="examples/i2c_MAG3110/i2c_MAG3110.ino" />
		<Unit filename="examples/i2c_MAX44009/i2c_MAX44009.ino" />
		<Unit filename="examples/i2c_MMA8451/i2c_MMA8451.ino" />
		<Unit filename="examples/i2c_MPL3115A2/i2c_MPL3115A2.ino" />
		<Unit filename="examples/i2c_MPU9250/i2c_MPU9250.ino" />
		<Unit filename="examples/i2c_PCF2127/i2c_PCF2127.ino" />
		<Unit filename="examples/i2c_SI7021/i2c_SI7021.ino" />
		<Unit filename="examples/i2c_TCS3772/i2c_TCS3772.ino" />
		<Unit filename="examples/i2c_probeBus/i2c_probeBus.ino" />
		<Unit filename="examples/spi_rfm95/spi_rfm95.ino" />
		<Unit filename="i2c.cpp" />
		<Unit filename="i2c.h" />
		<Unit filename="i2c_BMP280.h" />
		<Unit filename="i2c_FAN5421.h" />
		<Unit filename="i2c_L3G.h">
			<Option compile="1" />
			<Option link="1" />
		</Unit>
		<Unit filename="i2c_LPS331.h" />
		<Unit filename="i2c_MAG3110.h" />
		<Unit filename="i2c_MAX17047.h" />
		<Unit filename="i2c_MAX44009.h" />
		<Unit filename="i2c_MMA8451.h">
			<Option compilerVar="CC" />
			<Option compile="1" />
			<Option link="1" />
		</Unit>
		<Unit filename="i2c_MPL3115A2.h" />
		<Unit filename="i2c_MPU9250.h" />
		<Unit filename="i2c_PCF2127.h" />
		<Unit filename="i2c_PRESET.h" />
		<Unit filename="i2c_SI7021.h" />
		<Unit filename="i2c_Sensor.h">
			<Option compile="1" />
			<Option link="1" />
		</Unit>
		<Unit filename="i2c_TCS3772.h" />
		<Unit filename="iLib.layout" />
		<Unit filename="spi_rfm95.h" />
		<Extensions>
			<code_completion />
			<envvars />
			<debugger />
			<lib_finder disable_auto="1" />
		</Extensions>
	</Project>
</CodeBlocks_project_file>
